
Microsoft Visual Studio Solution File, Format Version 12.00
# Visual Studio 15
VisualStudioVersion = 15.0.27428.2043
MinimumVisualStudioVersion = 10.0.40219.1
Project("{2150E333-8FDC-42A3-9474-1A3956D46DE8}") = "Passenger", "Passenger", "{173036D0-87D9-45B7-8E1D-47A558BB25E3}"
EndProject
Project("{9A19103F-16F7-4668-BE54-9A1E7A4F7556}") = "Tests", "Tests\Tests.csproj", "{3BDFDEEE-131F-4573-B466-670DD5AE3332}"
EndProject
Project("{9A19103F-16F7-4668-BE54-9A1E7A4F7556}") = "Tests.EndToEnd", "Tests.EndToEnd\Tests.EndToEnd.csproj", "{67833614-BB0E-4F6C-B1AC-BC2FA759D0DA}"
EndProject
Project("{9A19103F-16F7-4668-BE54-9A1E7A4F7556}") = "Core", "Core\Core.csproj", "{AB5DB00A-3721-4F3A-8C52-673F6933965B}"
EndProject
Project("{9A19103F-16F7-4668-BE54-9A1E7A4F7556}") = "Infrastructure", "Infrastructure\Infrastructure.csproj", "{46121DD0-2CEB-43F5-AEF5-4C775D1E121A}"
	ProjectSection(ProjectDependencies) = postProject
		{AB5DB00A-3721-4F3A-8C52-673F6933965B} = {AB5DB00A-3721-4F3A-8C52-673F6933965B}
	EndProjectSection
EndProject
Project("{FAE04EC0-301F-11D3-BF4B-00C04F79EFBC}") = "Api", "Api\Api.csproj", "{AF8E0A98-2649-497A-9DD4-023B281D889B}"
	ProjectSection(ProjectDependencies) = postProject
		{46121DD0-2CEB-43F5-AEF5-4C775D1E121A} = {46121DD0-2CEB-43F5-AEF5-4C775D1E121A}
	EndProjectSection
EndProject
Global
	GlobalSection(SolutionConfigurationPlatforms) = preSolution
		Debug|Any CPU = Debug|Any CPU
		Release|Any CPU = Release|Any CPU
	EndGlobalSection
	GlobalSection(ProjectConfigurationPlatforms) = postSolution
		{3BDFDEEE-131F-4573-B466-670DD5AE3332}.Debug|Any CPU.ActiveCfg = Debug|Any CPU
		{3BDFDEEE-131F-4573-B466-670DD5AE3332}.Debug|Any CPU.Build.0 = Debug|Any CPU
		{3BDFDEEE-131F-4573-B466-670DD5AE3332}.Release|Any CPU.ActiveCfg = Release|Any CPU
		{3BDFDEEE-131F-4573-B466-670DD5AE3332}.Release|Any CPU.Build.0 = Release|Any CPU
		{67833614-BB0E-4F6C-B1AC-BC2FA759D0DA}.Debug|Any CPU.ActiveCfg = Debug|Any CPU
		{67833614-BB0E-4F6C-B1AC-BC2FA759D0DA}.Debug|Any CPU.Build.0 = Debug|Any CPU
		{67833614-BB0E-4F6C-B1AC-BC2FA759D0DA}.Release|Any CPU.ActiveCfg = Release|Any CPU
		{67833614-BB0E-4F6C-B1AC-BC2FA759D0DA}.Release|Any CPU.Build.0 = Release|Any CPU
		{AB5DB00A-3721-4F3A-8C52-673F6933965B}.Debug|Any CPU.ActiveCfg = Debug|Any CPU
		{AB5DB00A-3721-4F3A-8C52-673F6933965B}.Debug|Any CPU.Build.0 = Debug|Any CPU
		{AB5DB00A-3721-4F3A-8C52-673F6933965B}.Release|Any CPU.ActiveCfg = Release|Any CPU
		{AB5DB00A-3721-4F3A-8C52-673F6933965B}.Release|Any CPU.Build.0 = Release|Any CPU
		{46121DD0-2CEB-43F5-AEF5-4C775D1E121A}.Debug|Any CPU.ActiveCfg = Debug|Any CPU
		{46121DD0-2CEB-43F5-AEF5-4C775D1E121A}.Debug|Any CPU.Build.0 = Debug|Any CPU
		{46121DD0-2CEB-43F5-AEF5-4C775D1E121A}.Release|Any CPU.ActiveCfg = Release|Any CPU
		{46121DD0-2CEB-43F5-AEF5-4C775D1E121A}.Release|Any CPU.Build.0 = Release|Any CPU
		{AF8E0A98-2649-497A-9DD4-023B281D889B}.Debug|Any CPU.ActiveCfg = Debug|Any CPU
		{AF8E0A98-2649-497A-9DD4-023B281D889B}.Debug|Any CPU.Build.0 = Debug|Any CPU
		{AF8E0A98-2649-497A-9DD4-023B281D889B}.Release|Any CPU.ActiveCfg = Release|Any CPU
		{AF8E0A98-2649-497A-9DD4-023B281D889B}.Release|Any CPU.Build.0 = Release|Any CPU
	EndGlobalSection
	GlobalSection(SolutionProperties) = preSolution
		HideSolutionNode = FALSE
	EndGlobalSection
	GlobalSection(NestedProjects) = preSolution
		{3BDFDEEE-131F-4573-B466-670DD5AE3332} = {173036D0-87D9-45B7-8E1D-47A558BB25E3}
		{67833614-BB0E-4F6C-B1AC-BC2FA759D0DA} = {173036D0-87D9-45B7-8E1D-47A558BB25E3}
		{AB5DB00A-3721-4F3A-8C52-673F6933965B} = {173036D0-87D9-45B7-8E1D-47A558BB25E3}
		{46121DD0-2CEB-43F5-AEF5-4C775D1E121A} = {173036D0-87D9-45B7-8E1D-47A558BB25E3}
		{AF8E0A98-2649-497A-9DD4-023B281D889B} = {173036D0-87D9-45B7-8E1D-47A558BB25E3}
	EndGlobalSection
	GlobalSection(ExtensibilityGlobals) = postSolution
		SolutionGuid = {76A52F3B-65C7-4228-B361-8545742E2D80}
	EndGlobalSection
EndGlobal
